
Microsoft Visual Studio Solution File, Format Version 12.00
# Visual Studio Version 16
VisualStudioVersion = 25.0.1704.2
MinimumVisualStudioVersion = 10.0.40219.1
Project("{FAE04EC0-301F-11D3-BF4B-00C04F79EFBC}") = "Liivakell", "Liivakell\Liivakell.csproj", "{5C54D8E9-EE6B-4ED6-9E93-CA30CA8E8319}"
EndProject
Global
	GlobalSection(SolutionConfigurationPlatforms) = preSolution
		Debug|Any CPU = Debug|Any CPU
		Release|Any CPU = Release|Any CPU
	EndGlobalSection
	GlobalSection(ProjectConfigurationPlatforms) = postSolution
		{5C54D8E9-EE6B-4ED6-9E93-CA30CA8E8319}.Debug|Any CPU.ActiveCfg = Debug|Any CPU
		{5C54D8E9-EE6B-4ED6-9E93-CA30CA8E8319}.Debug|Any CPU.Build.0 = Debug|Any CPU
		{5C54D8E9-EE6B-4ED6-9E93-CA30CA8E8319}.Release|Any CPU.ActiveCfg = Release|Any CPU
		{5C54D8E9-EE6B-4ED6-9E93-CA30CA8E8319}.Release|Any CPU.Build.0 = Release|Any CPU
	EndGlobalSection
	GlobalSection(SolutionProperties) = preSolution
		HideSolutionNode = FALSE
	EndGlobalSection
	GlobalSection(ExtensibilityGlobals) = postSolution
		SolutionGuid = {104B4DEA-9185-4222-B4EF-CBEC1E073170}
	EndGlobalSection
EndGlobal
